// !$*UTF8*$!
{
	archiveVersion = 1;
	classes = {
	};
	objectVersion = 50;
	objects = {

/* Begin PBXBuildFile section */
		C631A9912595BC2F00DEAE00 /* TabBarViewController.swift in Sources */ = {isa = PBXBuildFile; fileRef = C631A9902595BC2F00DEAE00 /* TabBarViewController.swift */; };
		C631A9952595CD6900DEAE00 /* FullContactsTableViewController.swift in Sources */ = {isa = PBXBuildFile; fileRef = C631A9942595CD6900DEAE00 /* FullContactsTableViewController.swift */; };
		C6EC309825946F7900458B07 /* AppDelegate.swift in Sources */ = {isa = PBXBuildFile; fileRef = C6EC309725946F7900458B07 /* AppDelegate.swift */; };
		C6EC309A25946F7900458B07 /* SceneDelegate.swift in Sources */ = {isa = PBXBuildFile; fileRef = C6EC309925946F7900458B07 /* SceneDelegate.swift */; };
		C6EC309F25946F7900458B07 /* Main.storyboard in Resources */ = {isa = PBXBuildFile; fileRef = C6EC309D25946F7900458B07 /* Main.storyboard */; };
		C6EC30A125946F7A00458B07 /* Assets.xcassets in Resources */ = {isa = PBXBuildFile; fileRef = C6EC30A025946F7A00458B07 /* Assets.xcassets */; };
		C6EC30A425946F7A00458B07 /* LaunchScreen.storyboard in Resources */ = {isa = PBXBuildFile; fileRef = C6EC30A225946F7A00458B07 /* LaunchScreen.storyboard */; };
		C6EC30B72594CE1B00458B07 /* Contact.swift in Sources */ = {isa = PBXBuildFile; fileRef = C6EC30B62594CE1B00458B07 /* Contact.swift */; };
		C6EC30BA2594CE3D00458B07 /* Data Manager.swift in Sources */ = {isa = PBXBuildFile; fileRef = C6EC30B92594CE3D00458B07 /* Data Manager.swift */; };
		C6EC30C42594F12600458B07 /* ContactsTableViewController.swift in Sources */ = {isa = PBXBuildFile; fileRef = C6EC30C32594F12600458B07 /* ContactsTableViewController.swift */; };
		C6EC30C72594F79100458B07 /* ContactDetailsTableViewController.swift in Sources */ = {isa = PBXBuildFile; fileRef = C6EC30C62594F79100458B07 /* ContactDetailsTableViewController.swift */; };
/* End PBXBuildFile section */

/* Begin PBXFileReference section */
		C631A9902595BC2F00DEAE00 /* TabBarViewController.swift */ = {isa = PBXFileReference; lastKnownFileType = sourcecode.swift; path = TabBarViewController.swift; sourceTree = "<group>"; };
		C631A9942595CD6900DEAE00 /* FullContactsTableViewController.swift */ = {isa = PBXFileReference; lastKnownFileType = sourcecode.swift; path = FullContactsTableViewController.swift; sourceTree = "<group>"; };
		C6EC309425946F7900458B07 /* hw2.7.app */ = {isa = PBXFileReference; explicitFileType = wrapper.application; includeInIndex = 0; path = hw2.7.app; sourceTree = BUILT_PRODUCTS_DIR; };
		C6EC309725946F7900458B07 /* AppDelegate.swift */ = {isa = PBXFileReference; lastKnownFileType = sourcecode.swift; path = AppDelegate.swift; sourceTree = "<group>"; };
		C6EC309925946F7900458B07 /* SceneDelegate.swift */ = {isa = PBXFileReference; lastKnownFileType = sourcecode.swift; path = SceneDelegate.swift; sourceTree = "<group>"; };
		C6EC309E25946F7900458B07 /* Base */ = {isa = PBXFileReference; lastKnownFileType = file.storyboard; name = Base; path = Base.lproj/Main.storyboard; sourceTree = "<group>"; };
		C6EC30A025946F7A00458B07 /* Assets.xcassets */ = {isa = PBXFileReference; lastKnownFileType = folder.assetcatalog; path = Assets.xcassets; sourceTree = "<group>"; };
		C6EC30A325946F7A00458B07 /* Base */ = {isa = PBXFileReference; lastKnownFileType = file.storyboard; name = Base; path = Base.lproj/LaunchScreen.storyboard; sourceTree = "<group>"; };
		C6EC30A525946F7A00458B07 /* Info.plist */ = {isa = PBXFileReference; lastKnownFileType = text.plist.xml; path = Info.plist; sourceTree = "<group>"; };
		C6EC30B62594CE1B00458B07 /* Contact.swift */ = {isa = PBXFileReference; lastKnownFileType = sourcecode.swift; path = Contact.swift; sourceTree = "<group>"; };
		C6EC30B92594CE3D00458B07 /* Data Manager.swift */ = {isa = PBXFileReference; lastKnownFileType = sourcecode.swift; path = "Data Manager.swift"; sourceTree = "<group>"; };
		C6EC30C32594F12600458B07 /* ContactsTableViewController.swift */ = {isa = PBXFileReference; lastKnownFileType = sourcecode.swift; path = ContactsTableViewController.swift; sourceTree = "<group>"; };
		C6EC30C62594F79100458B07 /* ContactDetailsTableViewController.swift */ = {isa = PBXFileReference; lastKnownFileType = sourcecode.swift; path = ContactDetailsTableViewController.swift; sourceTree = "<group>"; };
/* End PBXFileReference section */

/* Begin PBXFrameworksBuildPhase section */
		C6EC309125946F7900458B07 /* Frameworks */ = {
			isa = PBXFrameworksBuildPhase;
			buildActionMask = 2147483647;
			files = (
			);
			runOnlyForDeploymentPostprocessing = 0;
		};
/* End PBXFrameworksBuildPhase section */

/* Begin PBXGroup section */
		C6EC308B25946F7900458B07 = {
			isa = PBXGroup;
			children = (
				C6EC309625946F7900458B07 /* hw2.7 */,
				C6EC309525946F7900458B07 /* Products */,
			);
			sourceTree = "<group>";
		};
		C6EC309525946F7900458B07 /* Products */ = {
			isa = PBXGroup;
			children = (
				C6EC309425946F7900458B07 /* hw2.7.app */,
			);
			name = Products;
			sourceTree = "<group>";
		};
		C6EC309625946F7900458B07 /* hw2.7 */ = {
			isa = PBXGroup;
			children = (
				C6EC30B025946FE800458B07 /* Model */,
				C6EC30AF25946FE100458B07 /* View */,
				C6EC30AE25946FDB00458B07 /* Controller */,
				C6EC30AD25946FCF00458B07 /* Resources */,
				C6EC30AC25946FB700458B07 /* Supporting Files */,
			);
			path = hw2.7;
			sourceTree = "<group>";
		};
		C6EC30AC25946FB700458B07 /* Supporting Files */ = {
			isa = PBXGroup;
			children = (
				C6EC309725946F7900458B07 /* AppDelegate.swift */,
				C6EC309925946F7900458B07 /* SceneDelegate.swift */,
				C6EC30A525946F7A00458B07 /* Info.plist */,
			);
			path = "Supporting Files";
			sourceTree = "<group>";
		};
		C6EC30AD25946FCF00458B07 /* Resources */ = {
			isa = PBXGroup;
			children = (
				C6EC30A025946F7A00458B07 /* Assets.xcassets */,
			);
			path = Resources;
			sourceTree = "<group>";
		};
		C6EC30AE25946FDB00458B07 /* Controller */ = {
			isa = PBXGroup;
			children = (
				C6EC30C32594F12600458B07 /* ContactsTableViewController.swift */,
				C6EC30C62594F79100458B07 /* ContactDetailsTableViewController.swift */,
				C631A9902595BC2F00DEAE00 /* TabBarViewController.swift */,
				C631A9942595CD6900DEAE00 /* FullContactsTableViewController.swift */,
			);
			path = Controller;
			sourceTree = "<group>";
		};
		C6EC30AF25946FE100458B07 /* View */ = {
			isa = PBXGroup;
			children = (
				C6EC309D25946F7900458B07 /* Main.storyboard */,
				C6EC30A225946F7A00458B07 /* LaunchScreen.storyboard */,
			);
			path = View;
			sourceTree = "<group>";
		};
		C6EC30B025946FE800458B07 /* Model */ = {
			isa = PBXGroup;
			children = (
				C6EC30B62594CE1B00458B07 /* Contact.swift */,
				C6EC30B92594CE3D00458B07 /* Data Manager.swift */,
			);
			path = Model;
			sourceTree = "<group>";
		};
/* End PBXGroup section */

/* Begin PBXNativeTarget section */
		C6EC309325946F7900458B07 /* hw2.7 */ = {
			isa = PBXNativeTarget;
			buildConfigurationList = C6EC30A825946F7A00458B07 /* Build configuration list for PBXNativeTarget "hw2.7" */;
			buildPhases = (
				C6EC309025946F7900458B07 /* Sources */,
				C6EC309125946F7900458B07 /* Frameworks */,
				C6EC309225946F7900458B07 /* Resources */,
			);
			buildRules = (
			);
			dependencies = (
			);
			name = hw2.7;
			productName = hw2.7;
			productReference = C6EC309425946F7900458B07 /* hw2.7.app */;
			productType = "com.apple.product-type.application";
		};
/* End PBXNativeTarget section */

/* Begin PBXProject section */
		C6EC308C25946F7900458B07 /* Project object */ = {
			isa = PBXProject;
			attributes = {
				LastSwiftUpdateCheck = 1220;
				LastUpgradeCheck = 1220;
				TargetAttributes = {
					C6EC309325946F7900458B07 = {
						CreatedOnToolsVersion = 12.2;
					};
				};
			};
			buildConfigurationList = C6EC308F25946F7900458B07 /* Build configuration list for PBXProject "hw2.7" */;
			compatibilityVersion = "Xcode 9.3";
			developmentRegion = en;
			hasScannedForEncodings = 0;
			knownRegions = (
				en,
				Base,
			);
			mainGroup = C6EC308B25946F7900458B07;
			productRefGroup = C6EC309525946F7900458B07 /* Products */;
			projectDirPath = "";
			projectRoot = "";
			targets = (
				C6EC309325946F7900458B07 /* hw2.7 */,
			);
		};
/* End PBXProject section */

/* Begin PBXResourcesBuildPhase section */
		C6EC309225946F7900458B07 /* Resources */ = {
			isa = PBXResourcesBuildPhase;
			buildActionMask = 2147483647;
			files = (
				C6EC30A425946F7A00458B07 /* LaunchScreen.storyboard in Resources */,
				C6EC30A125946F7A00458B07 /* Assets.xcassets in Resources */,
				C6EC309F25946F7900458B07 /* Main.storyboard in Resources */,
			);
			runOnlyForDeploymentPostprocessing = 0;
		};
/* End PBXResourcesBuildPhase section */

/* Begin PBXSourcesBuildPhase section */
		C6EC309025946F7900458B07 /* Sources */ = {
			isa = PBXSourcesBuildPhase;
			buildActionMask = 2147483647;
			files = (
				C631A9912595BC2F00DEAE00 /* TabBarViewController.swift in Sources */,
				C631A9952595CD6900DEAE00 /* FullContactsTableViewController.swift in Sources */,
				C6EC30BA2594CE3D00458B07 /* Data Manager.swift in Sources */,
				C6EC30C72594F79100458B07 /* ContactDetailsTableViewController.swift in Sources */,
				C6EC309825946F7900458B07 /* AppDelegate.swift in Sources */,
				C6EC30B72594CE1B00458B07 /* Contact.swift in Sources */,
				C6EC30C42594F12600458B07 /* ContactsTableViewController.swift in Sources */,
				C6EC309A25946F7900458B07 /* SceneDelegate.swift in Sources */,
			);
			runOnlyForDeploymentPostprocessing = 0;
		};
/* End PBXSourcesBuildPhase section */

/* Begin PBXVariantGroup section */
		C6EC309D25946F7900458B07 /* Main.storyboard */ = {
			isa = PBXVariantGroup;
			children = (
				C6EC309E25946F7900458B07 /* Base */,
			);
			name = Main.storyboard;
			sourceTree = "<group>";
		};
		C6EC30A225946F7A00458B07 /* LaunchScreen.storyboard */ = {
			isa = PBXVariantGroup;
			children = (
				C6EC30A325946F7A00458B07 /* Base */,
			);
			name = LaunchScreen.storyboard;
			sourceTree = "<group>";
		};
/* End PBXVariantGroup section */

/* Begin XCBuildConfiguration section */
		C6EC30A625946F7A00458B07 /* Debug */ = {
			isa = XCBuildConfiguration;
			buildSettings = {
				ALWAYS_SEARCH_USER_PATHS = NO;
				CLANG_ANALYZER_NONNULL = YES;
				CLANG_ANALYZER_NUMBER_OBJECT_CONVERSION = YES_AGGRESSIVE;
				CLANG_CXX_LANGUAGE_STANDARD = "gnu++14";
				CLANG_CXX_LIBRARY = "libc++";
				CLANG_ENABLE_MODULES = YES;
				CLANG_ENABLE_OBJC_ARC = YES;
				CLANG_ENABLE_OBJC_WEAK = YES;
				CLANG_WARN_BLOCK_CAPTURE_AUTORELEASING = YES;
				CLANG_WARN_BOOL_CONVERSION = YES;
				CLANG_WARN_COMMA = YES;
				CLANG_WARN_CONSTANT_CONVERSION = YES;
				CLANG_WARN_DEPRECATED_OBJC_IMPLEMENTATIONS = YES;
				CLANG_WARN_DIRECT_OBJC_ISA_USAGE = YES_ERROR;
				CLANG_WARN_DOCUMENTATION_COMMENTS = YES;
				CLANG_WARN_EMPTY_BODY = YES;
				CLANG_WARN_ENUM_CONVERSION = YES;
				CLANG_WARN_INFINITE_RECURSION = YES;
				CLANG_WARN_INT_CONVERSION = YES;
				CLANG_WARN_NON_LITERAL_NULL_CONVERSION = YES;
				CLANG_WARN_OBJC_IMPLICIT_RETAIN_SELF = YES;
				CLANG_WARN_OBJC_LITERAL_CONVERSION = YES;
				CLANG_WARN_OBJC_ROOT_CLASS = YES_ERROR;
				CLANG_WARN_QUOTED_INCLUDE_IN_FRAMEWORK_HEADER = YES;
				CLANG_WARN_RANGE_LOOP_ANALYSIS = YES;
				CLANG_WARN_STRICT_PROTOTYPES = YES;
				CLANG_WARN_SUSPICIOUS_MOVE = YES;
				CLANG_WARN_UNGUARDED_AVAILABILITY = YES_AGGRESSIVE;
				CLANG_WARN_UNREACHABLE_CODE = YES;
				CLANG_WARN__DUPLICATE_METHOD_MATCH = YES;
				COPY_PHASE_STRIP = NO;
				DEBUG_INFORMATION_FORMAT = dwarf;
				ENABLE_STRICT_OBJC_MSGSEND = YES;
				ENABLE_TESTABILITY = YES;
				GCC_C_LANGUAGE_STANDARD = gnu11;
				GCC_DYNAMIC_NO_PIC = NO;
				GCC_NO_COMMON_BLOCKS = YES;
				GCC_OPTIMIZATION_LEVEL = 0;
				GCC_PREPROCESSOR_DEFINITIONS = (
					"DEBUG=1",
					"$(inherited)",
				);
				GCC_WARN_64_TO_32_BIT_CONVERSION = YES;
				GCC_WARN_ABOUT_RETURN_TYPE = YES_ERROR;
				GCC_WARN_UNDECLARED_SELECTOR = YES;
				GCC_WARN_UNINITIALIZED_AUTOS = YES_AGGRESSIVE;
				GCC_WARN_UNUSED_FUNCTION = YES;
				GCC_WARN_UNUSED_VARIABLE = YES;
				IPHONEOS_DEPLOYMENT_TARGET = 14.2;
				MTL_ENABLE_DEBUG_INFO = INCLUDE_SOURCE;
				MTL_FAST_MATH = YES;
				ONLY_ACTIVE_ARCH = YES;
				SDKROOT = iphoneos;
				SWIFT_ACTIVE_COMPILATION_CONDITIONS = DEBUG;
				SWIFT_OPTIMIZATION_LEVEL = "-Onone";
			};
			name = Debug;
		};
		C6EC30A725946F7A00458B07 /* Release */ = {
			isa = XCBuildConfiguration;
			buildSettings = {
				ALWAYS_SEARCH_USER_PATHS = NO;
				CLANG_ANALYZER_NONNULL = YES;
				CLANG_ANALYZER_NUMBER_OBJECT_CONVERSION = YES_AGGRESSIVE;
				CLANG_CXX_LANGUAGE_STANDARD = "gnu++14";
				CLANG_CXX_LIBRARY = "libc++";
				CLANG_ENABLE_MODULES = YES;
				CLANG_ENABLE_OBJC_ARC = YES;
				CLANG_ENABLE_OBJC_WEAK = YES;
				CLANG_WARN_BLOCK_CAPTURE_AUTORELEASING = YES;
				CLANG_WARN_BOOL_CONVERSION = YES;
				CLANG_WARN_COMMA = YES;
				CLANG_WARN_CONSTANT_CONVERSION = YES;
				CLANG_WARN_DEPRECATED_OBJC_IMPLEMENTATIONS = YES;
				CLANG_WARN_DIRECT_OBJC_ISA_USAGE = YES_ERROR;
				CLANG_WARN_DOCUMENTATION_COMMENTS = YES;
				CLANG_WARN_EMPTY_BODY = YES;
				CLANG_WARN_ENUM_CONVERSION = YES;
				CLANG_WARN_INFINITE_RECURSION = YES;
				CLANG_WARN_INT_CONVERSION = YES;
				CLANG_WARN_NON_LITERAL_NULL_CONVERSION = YES;
				CLANG_WARN_OBJC_IMPLICIT_RETAIN_SELF = YES;
				CLANG_WARN_OBJC_LITERAL_CONVERSION = YES;
				CLANG_WARN_OBJC_ROOT_CLASS = YES_ERROR;
				CLANG_WARN_QUOTED_INCLUDE_IN_FRAMEWORK_HEADER = YES;
				CLANG_WARN_RANGE_LOOP_ANALYSIS = YES;
				CLANG_WARN_STRICT_PROTOTYPES = YES;
				CLANG_WARN_SUSPICIOUS_MOVE = YES;
				CLANG_WARN_UNGUARDED_AVAILABILITY = YES_AGGRESSIVE;
				CLANG_WARN_UNREACHABLE_CODE = YES;
				CLANG_WARN__DUPLICATE_METHOD_MATCH = YES;
				COPY_PHASE_STRIP = NO;
				DEBUG_INFORMATION_FORMAT = "dwarf-with-dsym";
				ENABLE_NS_ASSERTIONS = NO;
				ENABLE_STRICT_OBJC_MSGSEND = YES;
				GCC_C_LANGUAGE_STANDARD = gnu11;
				GCC_NO_COMMON_BLOCKS = YES;
				GCC_WARN_64_TO_32_BIT_CONVERSION = YES;
				GCC_WARN_ABOUT_RETURN_TYPE = YES_ERROR;
				GCC_WARN_UNDECLARED_SELECTOR = YES;
				GCC_WARN_UNINITIALIZED_AUTOS = YES_AGGRESSIVE;
				GCC_WARN_UNUSED_FUNCTION = YES;
				GCC_WARN_UNUSED_VARIABLE = YES;
				IPHONEOS_DEPLOYMENT_TARGET = 14.2;
				MTL_ENABLE_DEBUG_INFO = NO;
				MTL_FAST_MATH = YES;
				SDKROOT = iphoneos;
				SWIFT_COMPILATION_MODE = wholemodule;
				SWIFT_OPTIMIZATION_LEVEL = "-O";
				VALIDATE_PRODUCT = YES;
			};
			name = Release;
		};
		C6EC30A925946F7A00458B07 /* Debug */ = {
			isa = XCBuildConfiguration;
			buildSettings = {
				ASSETCATALOG_COMPILER_APPICON_NAME = AppIcon;
				ASSETCATALOG_COMPILER_GLOBAL_ACCENT_COLOR_NAME = AccentColor;
				CODE_SIGN_STYLE = Automatic;
				DEVELOPMENT_TEAM = M846TLN84D;
				INFOPLIST_FILE = "hw2.7/Supporting Files/Info.plist";
				IPHONEOS_DEPLOYMENT_TARGET = 13.0;
				LD_RUNPATH_SEARCH_PATHS = (
					"$(inherited)",
					"@executable_path/Frameworks",
				);
				PRODUCT_BUNDLE_IDENTIFIER = "com.mishv.hw2-7";
				PRODUCT_NAME = "$(TARGET_NAME)";
				SWIFT_VERSION = 5.0;
				TARGETED_DEVICE_FAMILY = 1;
			};
			name = Debug;
		};
		C6EC30AA25946F7A00458B07 /* Release */ = {
			isa = XCBuildConfiguration;
			buildSettings = {
				ASSETCATALOG_COMPILER_APPICON_NAME = AppIcon;
				ASSETCATALOG_COMPILER_GLOBAL_ACCENT_COLOR_NAME = AccentColor;
				CODE_SIGN_STYLE = Automatic;
				DEVELOPMENT_TEAM = M846TLN84D;
				INFOPLIST_FILE = "hw2.7/Supporting Files/Info.plist";
				IPHONEOS_DEPLOYMENT_TARGET = 13.0;
				LD_RUNPATH_SEARCH_PATHS = (
					"$(inherited)",
					"@executable_path/Frameworks",
				);
				PRODUCT_BUNDLE_IDENTIFIER = "com.mishv.hw2-7";
				PRODUCT_NAME = "$(TARGET_NAME)";
				SWIFT_VERSION = 5.0;
				TARGETED_DEVICE_FAMILY = 1;
			};
			name = Release;
		};
/* End XCBuildConfiguration section */

/* Begin XCConfigurationList section */
		C6EC308F25946F7900458B07 /* Build configuration list for PBXProject "hw2.7" */ = {
			isa = XCConfigurationList;
			buildConfigurations = (
				C6EC30A625946F7A00458B07 /* Debug */,
				C6EC30A725946F7A00458B07 /* Release */,
			);
			defaultConfigurationIsVisible = 0;
			defaultConfigurationName = Release;
		};
		C6EC30A825946F7A00458B07 /* Build configuration list for PBXNativeTarget "hw2.7" */ = {
			isa = XCConfigurationList;
			buildConfigurations = (
				C6EC30A925946F7A00458B07 /* Debug */,
				C6EC30AA25946F7A00458B07 /* Release */,
			);
			defaultConfigurationIsVisible = 0;
			defaultConfigurationName = Release;
		};
/* End XCConfigurationList section */
	};
	rootObject = C6EC308C25946F7900458B07 /* Project object */;
}
